# This file is automatically @generated by Cargo.
# It is not intended for manual editing.
version = 3

[[package]]
name = "basemath"
version = "1.1.1"
source = "registry+https://github.com/rust-lang/crates.io-index"
checksum = "5e280e4709f2a5ff50055a196f65a2cbeb92e5753db587204b7447118130a63b"

[[package]]
name = "generic-fractals"
version = "0.1.0"
dependencies = [
 "basemath",
]
